
Microsoft Visual Studio Solution File, Format Version 12.00
# Visual Studio Version 16
VisualStudioVersion = 16.0.32106.194
MinimumVisualStudioVersion = 10.0.40219.1
Project("{FAE04EC0-301F-11D3-BF4B-00C04F79EFBC}") = "Modelo", "Modelo\Modelo.csproj", "{D079C87C-187D-4704-81F3-603A06CF1D1E}"
EndProject
Project("{FAE04EC0-301F-11D3-BF4B-00C04F79EFBC}") = "ConsoleApp", "ConsoleApp\ConsoleApp.csproj", "{81D968BF-55FC-4123-AD59-4FA8E78BE3AA}"
EndProject
Project("{FAE04EC0-301F-11D3-BF4B-00C04F79EFBC}") = "ModeloBD", "ModeloBD\ModeloBD.csproj", "{B875C8F5-8635-405D-8D4C-0FE23F095E63}"
EndProject
Global
	GlobalSection(SolutionConfigurationPlatforms) = preSolution
		Debug|Any CPU = Debug|Any CPU
		Release|Any CPU = Release|Any CPU
	EndGlobalSection
	GlobalSection(ProjectConfigurationPlatforms) = postSolution
		{D079C87C-187D-4704-81F3-603A06CF1D1E}.Debug|Any CPU.ActiveCfg = Debug|Any CPU
		{D079C87C-187D-4704-81F3-603A06CF1D1E}.Debug|Any CPU.Build.0 = Debug|Any CPU
		{D079C87C-187D-4704-81F3-603A06CF1D1E}.Release|Any CPU.ActiveCfg = Release|Any CPU
		{D079C87C-187D-4704-81F3-603A06CF1D1E}.Release|Any CPU.Build.0 = Release|Any CPU
		{81D968BF-55FC-4123-AD59-4FA8E78BE3AA}.Debug|Any CPU.ActiveCfg = Debug|Any CPU
		{81D968BF-55FC-4123-AD59-4FA8E78BE3AA}.Debug|Any CPU.Build.0 = Debug|Any CPU
		{81D968BF-55FC-4123-AD59-4FA8E78BE3AA}.Release|Any CPU.ActiveCfg = Release|Any CPU
		{81D968BF-55FC-4123-AD59-4FA8E78BE3AA}.Release|Any CPU.Build.0 = Release|Any CPU
		{B875C8F5-8635-405D-8D4C-0FE23F095E63}.Debug|Any CPU.ActiveCfg = Debug|Any CPU
		{B875C8F5-8635-405D-8D4C-0FE23F095E63}.Debug|Any CPU.Build.0 = Debug|Any CPU
		{B875C8F5-8635-405D-8D4C-0FE23F095E63}.Release|Any CPU.ActiveCfg = Release|Any CPU
		{B875C8F5-8635-405D-8D4C-0FE23F095E63}.Release|Any CPU.Build.0 = Release|Any CPU
	EndGlobalSection
	GlobalSection(SolutionProperties) = preSolution
		HideSolutionNode = FALSE
	EndGlobalSection
	GlobalSection(ExtensibilityGlobals) = postSolution
		SolutionGuid = {4958273D-3A44-46E3-A63B-8E513D2313A3}
	EndGlobalSection
EndGlobal
